// !$*UTF8*$!
{
	archiveVersion = 1;
	classes = {
	};
	objectVersion = 48;
	objects = {

/* Begin PBXBuildFile section */
		0A88C8621FA36A0500C834C9 /* AppDelegate.swift in Sources */ = {isa = PBXBuildFile; fileRef = 0A88C8611FA36A0500C834C9 /* AppDelegate.swift */; };
		0A88C8641FA36A0500C834C9 /* ViewController.swift in Sources */ = {isa = PBXBuildFile; fileRef = 0A88C8631FA36A0500C834C9 /* ViewController.swift */; };
		0A88C8671FA36A0500C834C9 /* Main.storyboard in Resources */ = {isa = PBXBuildFile; fileRef = 0A88C8651FA36A0500C834C9 /* Main.storyboard */; };
		0A88C8691FA36A0500C834C9 /* Assets.xcassets in Resources */ = {isa = PBXBuildFile; fileRef = 0A88C8681FA36A0500C834C9 /* Assets.xcassets */; };
		0A88C86C1FA36A0500C834C9 /* LaunchScreen.storyboard in Resources */ = {isa = PBXBuildFile; fileRef = 0A88C86A1FA36A0500C834C9 /* LaunchScreen.storyboard */; };
		0A88C8771FA36A0600C834C9 /* imagePickerTests.swift in Sources */ = {isa = PBXBuildFile; fileRef = 0A88C8761FA36A0600C834C9 /* imagePickerTests.swift */; };
		0A88C8821FA36A0600C834C9 /* imagePickerUITests.swift in Sources */ = {isa = PBXBuildFile; fileRef = 0A88C8811FA36A0600C834C9 /* imagePickerUITests.swift */; };
/* End PBXBuildFile section */

/* Begin PBXContainerItemProxy section */
		0A88C8731FA36A0600C834C9 /* PBXContainerItemProxy */ = {
			isa = PBXContainerItemProxy;
			containerPortal = 0A88C8561FA36A0400C834C9 /* Project object */;
			proxyType = 1;
			remoteGlobalIDString = 0A88C85D1FA36A0500C834C9;
			remoteInfo = imagePicker;
		};
		0A88C87E1FA36A0600C834C9 /* PBXContainerItemProxy */ = {
			isa = PBXContainerItemProxy;
			containerPortal = 0A88C8561FA36A0400C834C9 /* Project object */;
			proxyType = 1;
			remoteGlobalIDString = 0A88C85D1FA36A0500C834C9;
			remoteInfo = imagePicker;
		};
/* End PBXContainerItemProxy section */

/* Begin PBXFileReference section */
		0A88C85E1FA36A0500C834C9 /* imagePicker.app */ = {isa = PBXFileReference; explicitFileType = wrapper.application; includeInIndex = 0; path = imagePicker.app; sourceTree = BUILT_PRODUCTS_DIR; };
		0A88C8611FA36A0500C834C9 /* AppDelegate.swift */ = {isa = PBXFileReference; lastKnownFileType = sourcecode.swift; path = AppDelegate.swift; sourceTree = "<group>"; };
		0A88C8631FA36A0500C834C9 /* ViewController.swift */ = {isa = PBXFileReference; lastKnownFileType = sourcecode.swift; path = ViewController.swift; sourceTree = "<group>"; };
		0A88C8661FA36A0500C834C9 /* Base */ = {isa = PBXFileReference; lastKnownFileType = file.storyboard; name = Base; path = Base.lproj/Main.storyboard; sourceTree = "<group>"; };
		0A88C8681FA36A0500C834C9 /* Assets.xcassets */ = {isa = PBXFileReference; lastKnownFileType = folder.assetcatalog; path = Assets.xcassets; sourceTree = "<group>"; };
		0A88C86B1FA36A0500C834C9 /* Base */ = {isa = PBXFileReference; lastKnownFileType = file.storyboard; name = Base; path = Base.lproj/LaunchScreen.storyboard; sourceTree = "<group>"; };
		0A88C86D1FA36A0500C834C9 /* Info.plist */ = {isa = PBXFileReference; lastKnownFileType = text.plist.xml; path = Info.plist; sourceTree = "<group>"; };
		0A88C8721FA36A0600C834C9 /* imagePickerTests.xctest */ = {isa = PBXFileReference; explicitFileType = wrapper.cfbundle; includeInIndex = 0; path = imagePickerTests.xctest; sourceTree = BUILT_PRODUCTS_DIR; };
		0A88C8761FA36A0600C834C9 /* imagePickerTests.swift */ = {isa = PBXFileReference; lastKnownFileType = sourcecode.swift; path = imagePickerTests.swift; sourceTree = "<group>"; };
		0A88C8781FA36A0600C834C9 /* Info.plist */ = {isa = PBXFileReference; lastKnownFileType = text.plist.xml; path = Info.plist; sourceTree = "<group>"; };
		0A88C87D1FA36A0600C834C9 /* imagePickerUITests.xctest */ = {isa = PBXFileReference; explicitFileType = wrapper.cfbundle; includeInIndex = 0; path = imagePickerUITests.xctest; sourceTree = BUILT_PRODUCTS_DIR; };
		0A88C8811FA36A0600C834C9 /* imagePickerUITests.swift */ = {isa = PBXFileReference; lastKnownFileType = sourcecode.swift; path = imagePickerUITests.swift; sourceTree = "<group>"; };
		0A88C8831FA36A0600C834C9 /* Info.plist */ = {isa = PBXFileReference; lastKnownFileType = text.plist.xml; path = Info.plist; sourceTree = "<group>"; };
/* End PBXFileReference section */

/* Begin PBXFrameworksBuildPhase section */
		0A88C85B1FA36A0500C834C9 /* Frameworks */ = {
			isa = PBXFrameworksBuildPhase;
			buildActionMask = 2147483647;
			files = (
			);
			runOnlyForDeploymentPostprocessing = 0;
		};
		0A88C86F1FA36A0600C834C9 /* Frameworks */ = {
			isa = PBXFrameworksBuildPhase;
			buildActionMask = 2147483647;
			files = (
			);
			runOnlyForDeploymentPostprocessing = 0;
		};
		0A88C87A1FA36A0600C834C9 /* Frameworks */ = {
			isa = PBXFrameworksBuildPhase;
			buildActionMask = 2147483647;
			files = (
			);
			runOnlyForDeploymentPostprocessing = 0;
		};
/* End PBXFrameworksBuildPhase section */

/* Begin PBXGroup section */
		0A88C8551FA36A0400C834C9 = {
			isa = PBXGroup;
			children = (
				0A88C8601FA36A0500C834C9 /* imagePicker */,
				0A88C8751FA36A0600C834C9 /* imagePickerTests */,
				0A88C8801FA36A0600C834C9 /* imagePickerUITests */,
				0A88C85F1FA36A0500C834C9 /* Products */,
			);
			sourceTree = "<group>";
		};
		0A88C85F1FA36A0500C834C9 /* Products */ = {
			isa = PBXGroup;
			children = (
				0A88C85E1FA36A0500C834C9 /* imagePicker.app */,
				0A88C8721FA36A0600C834C9 /* imagePickerTests.xctest */,
				0A88C87D1FA36A0600C834C9 /* imagePickerUITests.xctest */,
			);
			name = Products;
			sourceTree = "<group>";
		};
		0A88C8601FA36A0500C834C9 /* imagePicker */ = {
			isa = PBXGroup;
			children = (
				0A88C8611FA36A0500C834C9 /* AppDelegate.swift */,
				0A88C8631FA36A0500C834C9 /* ViewController.swift */,
				0A88C8651FA36A0500C834C9 /* Main.storyboard */,
				0A88C8681FA36A0500C834C9 /* Assets.xcassets */,
				0A88C86A1FA36A0500C834C9 /* LaunchScreen.storyboard */,
				0A88C86D1FA36A0500C834C9 /* Info.plist */,
			);
			path = imagePicker;
			sourceTree = "<group>";
		};
		0A88C8751FA36A0600C834C9 /* imagePickerTests */ = {
			isa = PBXGroup;
			children = (
				0A88C8761FA36A0600C834C9 /* imagePickerTests.swift */,
				0A88C8781FA36A0600C834C9 /* Info.plist */,
			);
			path = imagePickerTests;
			sourceTree = "<group>";
		};
		0A88C8801FA36A0600C834C9 /* imagePickerUITests */ = {
			isa = PBXGroup;
			children = (
				0A88C8811FA36A0600C834C9 /* imagePickerUITests.swift */,
				0A88C8831FA36A0600C834C9 /* Info.plist */,
			);
			path = imagePickerUITests;
			sourceTree = "<group>";
		};
/* End PBXGroup section */

/* Begin PBXNativeTarget section */
		0A88C85D1FA36A0500C834C9 /* imagePicker */ = {
			isa = PBXNativeTarget;
			buildConfigurationList = 0A88C8861FA36A0600C834C9 /* Build configuration list for PBXNativeTarget "imagePicker" */;
			buildPhases = (
				0A88C85A1FA36A0500C834C9 /* Sources */,
				0A88C85B1FA36A0500C834C9 /* Frameworks */,
				0A88C85C1FA36A0500C834C9 /* Resources */,
			);
			buildRules = (
			);
			dependencies = (
			);
			name = imagePicker;
			productName = imagePicker;
			productReference = 0A88C85E1FA36A0500C834C9 /* imagePicker.app */;
			productType = "com.apple.product-type.application";
		};
		0A88C8711FA36A0600C834C9 /* imagePickerTests */ = {
			isa = PBXNativeTarget;
			buildConfigurationList = 0A88C8891FA36A0600C834C9 /* Build configuration list for PBXNativeTarget "imagePickerTests" */;
			buildPhases = (
				0A88C86E1FA36A0600C834C9 /* Sources */,
				0A88C86F1FA36A0600C834C9 /* Frameworks */,
				0A88C8701FA36A0600C834C9 /* Resources */,
			);
			buildRules = (
			);
			dependencies = (
				0A88C8741FA36A0600C834C9 /* PBXTargetDependency */,
			);
			name = imagePickerTests;
			productName = imagePickerTests;
			productReference = 0A88C8721FA36A0600C834C9 /* imagePickerTests.xctest */;
			productType = "com.apple.product-type.bundle.unit-test";
		};
		0A88C87C1FA36A0600C834C9 /* imagePickerUITests */ = {
			isa = PBXNativeTarget;
			buildConfigurationList = 0A88C88C1FA36A0600C834C9 /* Build configuration list for PBXNativeTarget "imagePickerUITests" */;
			buildPhases = (
				0A88C8791FA36A0600C834C9 /* Sources */,
				0A88C87A1FA36A0600C834C9 /* Frameworks */,
				0A88C87B1FA36A0600C834C9 /* Resources */,
			);
			buildRules = (
			);
			dependencies = (
				0A88C87F1FA36A0600C834C9 /* PBXTargetDependency */,
			);
			name = imagePickerUITests;
			productName = imagePickerUITests;
			productReference = 0A88C87D1FA36A0600C834C9 /* imagePickerUITests.xctest */;
			productType = "com.apple.product-type.bundle.ui-testing";
		};
/* End PBXNativeTarget section */

/* Begin PBXProject section */
		0A88C8561FA36A0400C834C9 /* Project object */ = {
			isa = PBXProject;
			attributes = {
				LastSwiftUpdateCheck = 0900;
				LastUpgradeCheck = 0900;
				ORGANIZATIONNAME = "Yakup AD";
				TargetAttributes = {
					0A88C85D1FA36A0500C834C9 = {
						CreatedOnToolsVersion = 9.0.1;
						ProvisioningStyle = Automatic;
					};
					0A88C8711FA36A0600C834C9 = {
						CreatedOnToolsVersion = 9.0.1;
						ProvisioningStyle = Automatic;
						TestTargetID = 0A88C85D1FA36A0500C834C9;
					};
					0A88C87C1FA36A0600C834C9 = {
						CreatedOnToolsVersion = 9.0.1;
						ProvisioningStyle = Automatic;
						TestTargetID = 0A88C85D1FA36A0500C834C9;
					};
				};
			};
			buildConfigurationList = 0A88C8591FA36A0400C834C9 /* Build configuration list for PBXProject "imagePicker" */;
			compatibilityVersion = "Xcode 8.0";
			developmentRegion = en;
			hasScannedForEncodings = 0;
			knownRegions = (
				en,
				Base,
			);
			mainGroup = 0A88C8551FA36A0400C834C9;
			productRefGroup = 0A88C85F1FA36A0500C834C9 /* Products */;
			projectDirPath = "";
			projectRoot = "";
			targets = (
				0A88C85D1FA36A0500C834C9 /* imagePicker */,
				0A88C8711FA36A0600C834C9 /* imagePickerTests */,
				0A88C87C1FA36A0600C834C9 /* imagePickerUITests */,
			);
		};
/* End PBXProject section */

/* Begin PBXResourcesBuildPhase section */
		0A88C85C1FA36A0500C834C9 /* Resources */ = {
			isa = PBXResourcesBuildPhase;
			buildActionMask = 2147483647;
			files = (
				0A88C86C1FA36A0500C834C9 /* LaunchScreen.storyboard in Resources */,
				0A88C8691FA36A0500C834C9 /* Assets.xcassets in Resources */,
				0A88C8671FA36A0500C834C9 /* Main.storyboard in Resources */,
			);
			runOnlyForDeploymentPostprocessing = 0;
		};
		0A88C8701FA36A0600C834C9 /* Resources */ = {
			isa = PBXResourcesBuildPhase;
			buildActionMask = 2147483647;
			files = (
			);
			runOnlyForDeploymentPostprocessing = 0;
		};
		0A88C87B1FA36A0600C834C9 /* Resources */ = {
			isa = PBXResourcesBuildPhase;
			buildActionMask = 2147483647;
			files = (
			);
			runOnlyForDeploymentPostprocessing = 0;
		};
/* End PBXResourcesBuildPhase section */

/* Begin PBXSourcesBuildPhase section */
		0A88C85A1FA36A0500C834C9 /* Sources */ = {
			isa = PBXSourcesBuildPhase;
			buildActionMask = 2147483647;
			files = (
				0A88C8641FA36A0500C834C9 /* ViewController.swift in Sources */,
				0A88C8621FA36A0500C834C9 /* AppDelegate.swift in Sources */,
			);
			runOnlyForDeploymentPostprocessing = 0;
		};
		0A88C86E1FA36A0600C834C9 /* Sources */ = {
			isa = PBXSourcesBuildPhase;
			buildActionMask = 2147483647;
			files = (
				0A88C8771FA36A0600C834C9 /* imagePickerTests.swift in Sources */,
			);
			runOnlyForDeploymentPostprocessing = 0;
		};
		0A88C8791FA36A0600C834C9 /* Sources */ = {
			isa = PBXSourcesBuildPhase;
			buildActionMask = 2147483647;
			files = (
				0A88C8821FA36A0600C834C9 /* imagePickerUITests.swift in Sources */,
			);
			runOnlyForDeploymentPostprocessing = 0;
		};
/* End PBXSourcesBuildPhase section */

/* Begin PBXTargetDependency section */
		0A88C8741FA36A0600C834C9 /* PBXTargetDependency */ = {
			isa = PBXTargetDependency;
			target = 0A88C85D1FA36A0500C834C9 /* imagePicker */;
			targetProxy = 0A88C8731FA36A0600C834C9 /* PBXContainerItemProxy */;
		};
		0A88C87F1FA36A0600C834C9 /* PBXTargetDependency */ = {
			isa = PBXTargetDependency;
			target = 0A88C85D1FA36A0500C834C9 /* imagePicker */;
			targetProxy = 0A88C87E1FA36A0600C834C9 /* PBXContainerItemProxy */;
		};
/* End PBXTargetDependency section */

/* Begin PBXVariantGroup section */
		0A88C8651FA36A0500C834C9 /* Main.storyboard */ = {
			isa = PBXVariantGroup;
			children = (
				0A88C8661FA36A0500C834C9 /* Base */,
			);
			name = Main.storyboard;
			sourceTree = "<group>";
		};
		0A88C86A1FA36A0500C834C9 /* LaunchScreen.storyboard */ = {
			isa = PBXVariantGroup;
			children = (
				0A88C86B1FA36A0500C834C9 /* Base */,
			);
			name = LaunchScreen.storyboard;
			sourceTree = "<group>";
		};
/* End PBXVariantGroup section */

/* Begin XCBuildConfiguration section */
		0A88C8841FA36A0600C834C9 /* Debug */ = {
			isa = XCBuildConfiguration;
			buildSettings = {
				ALWAYS_SEARCH_USER_PATHS = NO;
				CLANG_ANALYZER_NONNULL = YES;
				CLANG_ANALYZER_NUMBER_OBJECT_CONVERSION = YES_AGGRESSIVE;
				CLANG_CXX_LANGUAGE_STANDARD = "gnu++14";
				CLANG_CXX_LIBRARY = "libc++";
				CLANG_ENABLE_MODULES = YES;
				CLANG_ENABLE_OBJC_ARC = YES;
				CLANG_WARN_BLOCK_CAPTURE_AUTORELEASING = YES;
				CLANG_WARN_BOOL_CONVERSION = YES;
				CLANG_WARN_COMMA = YES;
				CLANG_WARN_CONSTANT_CONVERSION = YES;
				CLANG_WARN_DIRECT_OBJC_ISA_USAGE = YES_ERROR;
				CLANG_WARN_DOCUMENTATION_COMMENTS = YES;
				CLANG_WARN_EMPTY_BODY = YES;
				CLANG_WARN_ENUM_CONVERSION = YES;
				CLANG_WARN_INFINITE_RECURSION = YES;
				CLANG_WARN_INT_CONVERSION = YES;
				CLANG_WARN_NON_LITERAL_NULL_CONVERSION = YES;
				CLANG_WARN_OBJC_LITERAL_CONVERSION = YES;
				CLANG_WARN_OBJC_ROOT_CLASS = YES_ERROR;
				CLANG_WARN_RANGE_LOOP_ANALYSIS = YES;
				CLANG_WARN_STRICT_PROTOTYPES = YES;
				CLANG_WARN_SUSPICIOUS_MOVE = YES;
				CLANG_WARN_UNGUARDED_AVAILABILITY = YES_AGGRESSIVE;
				CLANG_WARN_UNREACHABLE_CODE = YES;
				CLANG_WARN__DUPLICATE_METHOD_MATCH = YES;
				CODE_SIGN_IDENTITY = "iPhone Developer";
				COPY_PHASE_STRIP = NO;
				DEBUG_INFORMATION_FORMAT = dwarf;
				ENABLE_STRICT_OBJC_MSGSEND = YES;
				ENABLE_TESTABILITY = YES;
				GCC_C_LANGUAGE_STANDARD = gnu11;
				GCC_DYNAMIC_NO_PIC = NO;
				GCC_NO_COMMON_BLOCKS = YES;
				GCC_OPTIMIZATION_LEVEL = 0;
				GCC_PREPROCESSOR_DEFINITIONS = (
					"DEBUG=1",
					"$(inherited)",
				);
				GCC_WARN_64_TO_32_BIT_CONVERSION = YES;
				GCC_WARN_ABOUT_RETURN_TYPE = YES_ERROR;
				GCC_WARN_UNDECLARED_SELECTOR = YES;
				GCC_WARN_UNINITIALIZED_AUTOS = YES_AGGRESSIVE;
				GCC_WARN_UNUSED_FUNCTION = YES;
				GCC_WARN_UNUSED_VARIABLE = YES;
				IPHONEOS_DEPLOYMENT_TARGET = 11.0;
				MTL_ENABLE_DEBUG_INFO = YES;
				ONLY_ACTIVE_ARCH = YES;
				SDKROOT = iphoneos;
				SWIFT_ACTIVE_COMPILATION_CONDITIONS = DEBUG;
				SWIFT_OPTIMIZATION_LEVEL = "-Onone";
			};
			name = Debug;
		};
		0A88C8851FA36A0600C834C9 /* Release */ = {
			isa = XCBuildConfiguration;
			buildSettings = {
				ALWAYS_SEARCH_USER_PATHS = NO;
				CLANG_ANALYZER_NONNULL = YES;
				CLANG_ANALYZER_NUMBER_OBJECT_CONVERSION = YES_AGGRESSIVE;
				CLANG_CXX_LANGUAGE_STANDARD = "gnu++14";
				CLANG_CXX_LIBRARY = "libc++";
				CLANG_ENABLE_MODULES = YES;
				CLANG_ENABLE_OBJC_ARC = YES;
				CLANG_WARN_BLOCK_CAPTURE_AUTORELEASING = YES;
				CLANG_WARN_BOOL_CONVERSION = YES;
				CLANG_WARN_COMMA = YES;
				CLANG_WARN_CONSTANT_CONVERSION = YES;
				CLANG_WARN_DIRECT_OBJC_ISA_USAGE = YES_ERROR;
				CLANG_WARN_DOCUMENTATION_COMMENTS = YES;
				CLANG_WARN_EMPTY_BODY = YES;
				CLANG_WARN_ENUM_CONVERSION = YES;
				CLANG_WARN_INFINITE_RECURSION = YES;
				CLANG_WARN_INT_CONVERSION = YES;
				CLANG_WARN_NON_LITERAL_NULL_CONVERSION = YES;
				CLANG_WARN_OBJC_LITERAL_CONVERSION = YES;
				CLANG_WARN_OBJC_ROOT_CLASS = YES_ERROR;
				CLANG_WARN_RANGE_LOOP_ANALYSIS = YES;
				CLANG_WARN_STRICT_PROTOTYPES = YES;
				CLANG_WARN_SUSPICIOUS_MOVE = YES;
				CLANG_WARN_UNGUARDED_AVAILABILITY = YES_AGGRESSIVE;
				CLANG_WARN_UNREACHABLE_CODE = YES;
				CLANG_WARN__DUPLICATE_METHOD_MATCH = YES;
				CODE_SIGN_IDENTITY = "iPhone Developer";
				COPY_PHASE_STRIP = NO;
				DEBUG_INFORMATION_FORMAT = "dwarf-with-dsym";
				ENABLE_NS_ASSERTIONS = NO;
				ENABLE_STRICT_OBJC_MSGSEND = YES;
				GCC_C_LANGUAGE_STANDARD = gnu11;
				GCC_NO_COMMON_BLOCKS = YES;
				GCC_WARN_64_TO_32_BIT_CONVERSION = YES;
				GCC_WARN_ABOUT_RETURN_TYPE = YES_ERROR;
				GCC_WARN_UNDECLARED_SELECTOR = YES;
				GCC_WARN_UNINITIALIZED_AUTOS = YES_AGGRESSIVE;
				GCC_WARN_UNUSED_FUNCTION = YES;
				GCC_WARN_UNUSED_VARIABLE = YES;
				IPHONEOS_DEPLOYMENT_TARGET = 11.0;
				MTL_ENABLE_DEBUG_INFO = NO;
				SDKROOT = iphoneos;
				SWIFT_OPTIMIZATION_LEVEL = "-Owholemodule";
				VALIDATE_PRODUCT = YES;
			};
			name = Release;
		};
		0A88C8871FA36A0600C834C9 /* Debug */ = {
			isa = XCBuildConfiguration;
			buildSettings = {
				ASSETCATALOG_COMPILER_APPICON_NAME = AppIcon;
				CODE_SIGN_STYLE = Automatic;
				DEVELOPMENT_TEAM = D677J9K7QY;
				INFOPLIST_FILE = imagePicker/Info.plist;
				LD_RUNPATH_SEARCH_PATHS = "$(inherited) @executable_path/Frameworks";
				PRODUCT_BUNDLE_IDENTIFIER = com.yakupad.imagePicker;
				PRODUCT_NAME = "$(TARGET_NAME)";
				SWIFT_VERSION = 4.0;
				TARGETED_DEVICE_FAMILY = "1,2";
			};
			name = Debug;
		};
		0A88C8881FA36A0600C834C9 /* Release */ = {
			isa = XCBuildConfiguration;
			buildSettings = {
				ASSETCATALOG_COMPILER_APPICON_NAME = AppIcon;
				CODE_SIGN_STYLE = Automatic;
				DEVELOPMENT_TEAM = D677J9K7QY;
				INFOPLIST_FILE = imagePicker/Info.plist;
				LD_RUNPATH_SEARCH_PATHS = "$(inherited) @executable_path/Frameworks";
				PRODUCT_BUNDLE_IDENTIFIER = com.yakupad.imagePicker;
				PRODUCT_NAME = "$(TARGET_NAME)";
				SWIFT_VERSION = 4.0;
				TARGETED_DEVICE_FAMILY = "1,2";
			};
			name = Release;
		};
		0A88C88A1FA36A0600C834C9 /* Debug */ = {
			isa = XCBuildConfiguration;
			buildSettings = {
				ALWAYS_EMBED_SWIFT_STANDARD_LIBRARIES = YES;
				BUNDLE_LOADER = "$(TEST_HOST)";
				CODE_SIGN_STYLE = Automatic;
				DEVELOPMENT_TEAM = D677J9K7QY;
				INFOPLIST_FILE = imagePickerTests/Info.plist;
				LD_RUNPATH_SEARCH_PATHS = "$(inherited) @executable_path/Frameworks @loader_path/Frameworks";
				PRODUCT_BUNDLE_IDENTIFIER = com.yakupad.imagePickerTests;
				PRODUCT_NAME = "$(TARGET_NAME)";
				SWIFT_VERSION = 4.0;
				TARGETED_DEVICE_FAMILY = "1,2";
				TEST_HOST = "$(BUILT_PRODUCTS_DIR)/imagePicker.app/imagePicker";
			};
			name = Debug;
		};
		0A88C88B1FA36A0600C834C9 /* Release */ = {
			isa = XCBuildConfiguration;
			buildSettings = {
				ALWAYS_EMBED_SWIFT_STANDARD_LIBRARIES = YES;
				BUNDLE_LOADER = "$(TEST_HOST)";
				CODE_SIGN_STYLE = Automatic;
				DEVELOPMENT_TEAM = D677J9K7QY;
				INFOPLIST_FILE = imagePickerTests/Info.plist;
				LD_RUNPATH_SEARCH_PATHS = "$(inherited) @executable_path/Frameworks @loader_path/Frameworks";
				PRODUCT_BUNDLE_IDENTIFIER = com.yakupad.imagePickerTests;
				PRODUCT_NAME = "$(TARGET_NAME)";
				SWIFT_VERSION = 4.0;
				TARGETED_DEVICE_FAMILY = "1,2";
				TEST_HOST = "$(BUILT_PRODUCTS_DIR)/imagePicker.app/imagePicker";
			};
			name = Release;
		};
		0A88C88D1FA36A0600C834C9 /* Debug */ = {
			isa = XCBuildConfiguration;
			buildSettings = {
				ALWAYS_EMBED_SWIFT_STANDARD_LIBRARIES = YES;
				CODE_SIGN_STYLE = Automatic;
				DEVELOPMENT_TEAM = D677J9K7QY;
				INFOPLIST_FILE = imagePickerUITests/Info.plist;
				LD_RUNPATH_SEARCH_PATHS = "$(inherited) @executable_path/Frameworks @loader_path/Frameworks";
				PRODUCT_BUNDLE_IDENTIFIER = com.yakupad.imagePickerUITests;
				PRODUCT_NAME = "$(TARGET_NAME)";
				SWIFT_VERSION = 4.0;
				TARGETED_DEVICE_FAMILY = "1,2";
				TEST_TARGET_NAME = imagePicker;
			};
			name = Debug;
		};
		0A88C88E1FA36A0600C834C9 /* Release */ = {
			isa = XCBuildConfiguration;
			buildSettings = {
				ALWAYS_EMBED_SWIFT_STANDARD_LIBRARIES = YES;
				CODE_SIGN_STYLE = Automatic;
				DEVELOPMENT_TEAM = D677J9K7QY;
				INFOPLIST_FILE = imagePickerUITests/Info.plist;
				LD_RUNPATH_SEARCH_PATHS = "$(inherited) @executable_path/Frameworks @loader_path/Frameworks";
				PRODUCT_BUNDLE_IDENTIFIER = com.yakupad.imagePickerUITests;
				PRODUCT_NAME = "$(TARGET_NAME)";
				SWIFT_VERSION = 4.0;
				TARGETED_DEVICE_FAMILY = "1,2";
				TEST_TARGET_NAME = imagePicker;
			};
			name = Release;
		};
/* End XCBuildConfiguration section */

/* Begin XCConfigurationList section */
		0A88C8591FA36A0400C834C9 /* Build configuration list for PBXProject "imagePicker" */ = {
			isa = XCConfigurationList;
			buildConfigurations = (
				0A88C8841FA36A0600C834C9 /* Debug */,
				0A88C8851FA36A0600C834C9 /* Release */,
			);
			defaultConfigurationIsVisible = 0;
			defaultConfigurationName = Release;
		};
		0A88C8861FA36A0600C834C9 /* Build configuration list for PBXNativeTarget "imagePicker" */ = {
			isa = XCConfigurationList;
			buildConfigurations = (
				0A88C8871FA36A0600C834C9 /* Debug */,
				0A88C8881FA36A0600C834C9 /* Release */,
			);
			defaultConfigurationIsVisible = 0;
			defaultConfigurationName = Release;
		};
		0A88C8891FA36A0600C834C9 /* Build configuration list for PBXNativeTarget "imagePickerTests" */ = {
			isa = XCConfigurationList;
			buildConfigurations = (
				0A88C88A1FA36A0600C834C9 /* Debug */,
				0A88C88B1FA36A0600C834C9 /* Release */,
			);
			defaultConfigurationIsVisible = 0;
			defaultConfigurationName = Release;
		};
		0A88C88C1FA36A0600C834C9 /* Build configuration list for PBXNativeTarget "imagePickerUITests" */ = {
			isa = XCConfigurationList;
			buildConfigurations = (
				0A88C88D1FA36A0600C834C9 /* Debug */,
				0A88C88E1FA36A0600C834C9 /* Release */,
			);
			defaultConfigurationIsVisible = 0;
			defaultConfigurationName = Release;
		};
/* End XCConfigurationList section */
	};
	rootObject = 0A88C8561FA36A0400C834C9 /* Project object */;
}
